
Microsoft Visual Studio Solution File, Format Version 12.00
# Visual Studio Version 16
VisualStudioVersion = 16.0.29609.76
MinimumVisualStudioVersion = 10.0.40219.1
Project("{FAE04EC0-301F-11D3-BF4B-00C04F79EFBC}") = "THITRACNGHIEM", "THITRACNGHIEM\THITRACNGHIEM.csproj", "{FD6DF01B-78EE-4066-9D26-45760218C9CD}"
EndProject
Global
	GlobalSection(SolutionConfigurationPlatforms) = preSolution
		Debug|Any CPU = Debug|Any CPU
		Release|Any CPU = Release|Any CPU
	EndGlobalSection
	GlobalSection(ProjectConfigurationPlatforms) = postSolution
		{FD6DF01B-78EE-4066-9D26-45760218C9CD}.Debug|Any CPU.ActiveCfg = Debug|Any CPU
		{FD6DF01B-78EE-4066-9D26-45760218C9CD}.Debug|Any CPU.Build.0 = Debug|Any CPU
		{FD6DF01B-78EE-4066-9D26-45760218C9CD}.Release|Any CPU.ActiveCfg = Release|Any CPU
		{FD6DF01B-78EE-4066-9D26-45760218C9CD}.Release|Any CPU.Build.0 = Release|Any CPU
	EndGlobalSection
	GlobalSection(SolutionProperties) = preSolution
		HideSolutionNode = FALSE
	EndGlobalSection
	GlobalSection(ExtensibilityGlobals) = postSolution
		SolutionGuid = {CEF8A529-4C41-44BF-95FF-CC55A47D6CF0}
	EndGlobalSection
EndGlobal
